// !$*UTF8*$!
{
	archiveVersion = 1;
	classes = {
	};
	objectVersion = 46;
	objects = {

/* Begin PBXBuildFile section */
		DA6A75611DCA392F00DE25EB /* AppDelegate.swift in Sources */ = {isa = PBXBuildFile; fileRef = DA6A75601DCA392F00DE25EB /* AppDelegate.swift */; };
		DA6A75631DCA392F00DE25EB /* ViewController.swift in Sources */ = {isa = PBXBuildFile; fileRef = DA6A75621DCA392F00DE25EB /* ViewController.swift */; };
		DA6A75661DCA392F00DE25EB /* Main.storyboard in Resources */ = {isa = PBXBuildFile; fileRef = DA6A75641DCA392F00DE25EB /* Main.storyboard */; };
		DA6A75681DCA392F00DE25EB /* Assets.xcassets in Resources */ = {isa = PBXBuildFile; fileRef = DA6A75671DCA392F00DE25EB /* Assets.xcassets */; };
		DA6A756B1DCA392F00DE25EB /* LaunchScreen.storyboard in Resources */ = {isa = PBXBuildFile; fileRef = DA6A75691DCA392F00DE25EB /* LaunchScreen.storyboard */; };
/* End PBXBuildFile section */

/* Begin PBXFileReference section */
		DA6A755D1DCA392F00DE25EB /* TriPeep.app */ = {isa = PBXFileReference; explicitFileType = wrapper.application; includeInIndex = 0; path = TriPeep.app; sourceTree = BUILT_PRODUCTS_DIR; };
		DA6A75601DCA392F00DE25EB /* AppDelegate.swift */ = {isa = PBXFileReference; lastKnownFileType = sourcecode.swift; path = AppDelegate.swift; sourceTree = "<group>"; };
		DA6A75621DCA392F00DE25EB /* ViewController.swift */ = {isa = PBXFileReference; lastKnownFileType = sourcecode.swift; path = ViewController.swift; sourceTree = "<group>"; };
		DA6A75651DCA392F00DE25EB /* Base */ = {isa = PBXFileReference; lastKnownFileType = file.storyboard; name = Base; path = Base.lproj/Main.storyboard; sourceTree = "<group>"; };
		DA6A75671DCA392F00DE25EB /* Assets.xcassets */ = {isa = PBXFileReference; lastKnownFileType = folder.assetcatalog; path = Assets.xcassets; sourceTree = "<group>"; };
		DA6A756A1DCA392F00DE25EB /* Base */ = {isa = PBXFileReference; lastKnownFileType = file.storyboard; name = Base; path = Base.lproj/LaunchScreen.storyboard; sourceTree = "<group>"; };
		DA6A756C1DCA392F00DE25EB /* Info.plist */ = {isa = PBXFileReference; lastKnownFileType = text.plist.xml; path = Info.plist; sourceTree = "<group>"; };
/* End PBXFileReference section */

/* Begin PBXFrameworksBuildPhase section */
		DA6A755A1DCA392F00DE25EB /* Frameworks */ = {
			isa = PBXFrameworksBuildPhase;
			buildActionMask = 2147483647;
			files = (
			);
			runOnlyForDeploymentPostprocessing = 0;
		};
/* End PBXFrameworksBuildPhase section */

/* Begin PBXGroup section */
		DA6A75541DCA392F00DE25EB = {
			isa = PBXGroup;
			children = (
				DA6A755F1DCA392F00DE25EB /* TriPeep */,
				DA6A755E1DCA392F00DE25EB /* Products */,
			);
			sourceTree = "<group>";
		};
		DA6A755E1DCA392F00DE25EB /* Products */ = {
			isa = PBXGroup;
			children = (
				DA6A755D1DCA392F00DE25EB /* TriPeep.app */,
			);
			name = Products;
			sourceTree = "<group>";
		};
		DA6A755F1DCA392F00DE25EB /* TriPeep */ = {
			isa = PBXGroup;
			children = (
				DA6A75601DCA392F00DE25EB /* AppDelegate.swift */,
				DA6A75621DCA392F00DE25EB /* ViewController.swift */,
				DA6A75641DCA392F00DE25EB /* Main.storyboard */,
				DA6A75671DCA392F00DE25EB /* Assets.xcassets */,
				DA6A75691DCA392F00DE25EB /* LaunchScreen.storyboard */,
				DA6A756C1DCA392F00DE25EB /* Info.plist */,
			);
			path = TriPeep;
			sourceTree = "<group>";
		};
/* End PBXGroup section */

/* Begin PBXNativeTarget section */
		DA6A755C1DCA392F00DE25EB /* TriPeep */ = {
			isa = PBXNativeTarget;
			buildConfigurationList = DA6A756F1DCA392F00DE25EB /* Build configuration list for PBXNativeTarget "TriPeep" */;
			buildPhases = (
				DA6A75591DCA392F00DE25EB /* Sources */,
				DA6A755A1DCA392F00DE25EB /* Frameworks */,
				DA6A755B1DCA392F00DE25EB /* Resources */,
			);
			buildRules = (
			);
			dependencies = (
			);
			name = TriPeep;
			productName = TriPeep;
			productReference = DA6A755D1DCA392F00DE25EB /* TriPeep.app */;
			productType = "com.apple.product-type.application";
		};
/* End PBXNativeTarget section */

/* Begin PBXProject section */
		DA6A75551DCA392F00DE25EB /* Project object */ = {
			isa = PBXProject;
			attributes = {
				LastSwiftUpdateCheck = 0800;
				LastUpgradeCheck = 0800;
				ORGANIZATIONNAME = TriPeep;
				TargetAttributes = {
					DA6A755C1DCA392F00DE25EB = {
						CreatedOnToolsVersion = 8.0;
						ProvisioningStyle = Automatic;
					};
				};
			};
			buildConfigurationList = DA6A75581DCA392F00DE25EB /* Build configuration list for PBXProject "TriPeep" */;
			compatibilityVersion = "Xcode 3.2";
			developmentRegion = English;
			hasScannedForEncodings = 0;
			knownRegions = (
				en,
				Base,
			);
			mainGroup = DA6A75541DCA392F00DE25EB;
			productRefGroup = DA6A755E1DCA392F00DE25EB /* Products */;
			projectDirPath = "";
			projectRoot = "";
			targets = (
				DA6A755C1DCA392F00DE25EB /* TriPeep */,
			);
		};
/* End PBXProject section */

/* Begin PBXResourcesBuildPhase section */
		DA6A755B1DCA392F00DE25EB /* Resources */ = {
			isa = PBXResourcesBuildPhase;
			buildActionMask = 2147483647;
			files = (
				DA6A756B1DCA392F00DE25EB /* LaunchScreen.storyboard in Resources */,
				DA6A75681DCA392F00DE25EB /* Assets.xcassets in Resources */,
				DA6A75661DCA392F00DE25EB /* Main.storyboard in Resources */,
			);
			runOnlyForDeploymentPostprocessing = 0;
		};
/* End PBXResourcesBuildPhase section */

/* Begin PBXSourcesBuildPhase section */
		DA6A75591DCA392F00DE25EB /* Sources */ = {
			isa = PBXSourcesBuildPhase;
			buildActionMask = 2147483647;
			files = (
				DA6A75631DCA392F00DE25EB /* ViewController.swift in Sources */,
				DA6A75611DCA392F00DE25EB /* AppDelegate.swift in Sources */,
			);
			runOnlyForDeploymentPostprocessing = 0;
		};
/* End PBXSourcesBuildPhase section */

/* Begin PBXVariantGroup section */
		DA6A75641DCA392F00DE25EB /* Main.storyboard */ = {
			isa = PBXVariantGroup;
			children = (
				DA6A75651DCA392F00DE25EB /* Base */,
			);
			name = Main.storyboard;
			sourceTree = "<group>";
		};
		DA6A75691DCA392F00DE25EB /* LaunchScreen.storyboard */ = {
			isa = PBXVariantGroup;
			children = (
				DA6A756A1DCA392F00DE25EB /* Base */,
			);
			name = LaunchScreen.storyboard;
			sourceTree = "<group>";
		};
/* End PBXVariantGroup section */

/* Begin XCBuildConfiguration section */
		DA6A756D1DCA392F00DE25EB /* Debug */ = {
			isa = XCBuildConfiguration;
			buildSettings = {
				ALWAYS_SEARCH_USER_PATHS = NO;
				CLANG_ANALYZER_NONNULL = YES;
				CLANG_CXX_LANGUAGE_STANDARD = "gnu++0x";
				CLANG_CXX_LIBRARY = "libc++";
				CLANG_ENABLE_MODULES = YES;
				CLANG_ENABLE_OBJC_ARC = YES;
				CLANG_WARN_BOOL_CONVERSION = YES;
				CLANG_WARN_CONSTANT_CONVERSION = YES;
				CLANG_WARN_DIRECT_OBJC_ISA_USAGE = YES_ERROR;
				CLANG_WARN_DOCUMENTATION_COMMENTS = YES;
				CLANG_WARN_EMPTY_BODY = YES;
				CLANG_WARN_ENUM_CONVERSION = YES;
				CLANG_WARN_INFINITE_RECURSION = YES;
				CLANG_WARN_INT_CONVERSION = YES;
				CLANG_WARN_OBJC_ROOT_CLASS = YES_ERROR;
				CLANG_WARN_SUSPICIOUS_MOVES = YES;
				CLANG_WARN_UNREACHABLE_CODE = YES;
				CLANG_WARN__DUPLICATE_METHOD_MATCH = YES;
				"CODE_SIGN_IDENTITY[sdk=iphoneos*]" = "iPhone Developer";
				COPY_PHASE_STRIP = NO;
				DEBUG_INFORMATION_FORMAT = dwarf;
				ENABLE_STRICT_OBJC_MSGSEND = YES;
				ENABLE_TESTABILITY = YES;
				GCC_C_LANGUAGE_STANDARD = gnu99;
				GCC_DYNAMIC_NO_PIC = NO;
				GCC_NO_COMMON_BLOCKS = YES;
				GCC_OPTIMIZATION_LEVEL = 0;
				GCC_PREPROCESSOR_DEFINITIONS = (
					"DEBUG=1",
					"$(inherited)",
				);
				GCC_WARN_64_TO_32_BIT_CONVERSION = YES;
				GCC_WARN_ABOUT_RETURN_TYPE = YES_ERROR;
				GCC_WARN_UNDECLARED_SELECTOR = YES;
				GCC_WARN_UNINITIALIZED_AUTOS = YES_AGGRESSIVE;
				GCC_WARN_UNUSED_FUNCTION = YES;
				GCC_WARN_UNUSED_VARIABLE = YES;
				IPHONEOS_DEPLOYMENT_TARGET = 10.0;
				MTL_ENABLE_DEBUG_INFO = YES;
				ONLY_ACTIVE_ARCH = YES;
				SDKROOT = iphoneos;
				SWIFT_ACTIVE_COMPILATION_CONDITIONS = DEBUG;
				SWIFT_OPTIMIZATION_LEVEL = "-Onone";
			};
			name = Debug;
		};
		DA6A756E1DCA392F00DE25EB /* Release */ = {
			isa = XCBuildConfiguration;
			buildSettings = {
				ALWAYS_SEARCH_USER_PATHS = NO;
				CLANG_ANALYZER_NONNULL = YES;
				CLANG_CXX_LANGUAGE_STANDARD = "gnu++0x";
				CLANG_CXX_LIBRARY = "libc++";
				CLANG_ENABLE_MODULES = YES;
				CLANG_ENABLE_OBJC_ARC = YES;
				CLANG_WARN_BOOL_CONVERSION = YES;
				CLANG_WARN_CONSTANT_CONVERSION = YES;
				CLANG_WARN_DIRECT_OBJC_ISA_USAGE = YES_ERROR;
				CLANG_WARN_DOCUMENTATION_COMMENTS = YES;
				CLANG_WARN_EMPTY_BODY = YES;
				CLANG_WARN_ENUM_CONVERSION = YES;
				CLANG_WARN_INFINITE_RECURSION = YES;
				CLANG_WARN_INT_CONVERSION = YES;
				CLANG_WARN_OBJC_ROOT_CLASS = YES_ERROR;
				CLANG_WARN_SUSPICIOUS_MOVES = YES;
				CLANG_WARN_UNREACHABLE_CODE = YES;
				CLANG_WARN__DUPLICATE_METHOD_MATCH = YES;
				"CODE_SIGN_IDENTITY[sdk=iphoneos*]" = "iPhone Developer";
				COPY_PHASE_STRIP = NO;
				DEBUG_INFORMATION_FORMAT = "dwarf-with-dsym";
				ENABLE_NS_ASSERTIONS = NO;
				ENABLE_STRICT_OBJC_MSGSEND = YES;
				GCC_C_LANGUAGE_STANDARD = gnu99;
				GCC_NO_COMMON_BLOCKS = YES;
				GCC_WARN_64_TO_32_BIT_CONVERSION = YES;
				GCC_WARN_ABOUT_RETURN_TYPE = YES_ERROR;
				GCC_WARN_UNDECLARED_SELECTOR = YES;
				GCC_WARN_UNINITIALIZED_AUTOS = YES_AGGRESSIVE;
				GCC_WARN_UNUSED_FUNCTION = YES;
				GCC_WARN_UNUSED_VARIABLE = YES;
				IPHONEOS_DEPLOYMENT_TARGET = 10.0;
				MTL_ENABLE_DEBUG_INFO = NO;
				SDKROOT = iphoneos;
				SWIFT_OPTIMIZATION_LEVEL = "-Owholemodule";
				VALIDATE_PRODUCT = YES;
			};
			name = Release;
		};
		DA6A75701DCA392F00DE25EB /* Debug */ = {
			isa = XCBuildConfiguration;
			buildSettings = {
				ASSETCATALOG_COMPILER_APPICON_NAME = AppIcon;
				INFOPLIST_FILE = TriPeep/Info.plist;
				LD_RUNPATH_SEARCH_PATHS = "$(inherited) @executable_path/Frameworks";
				PRODUCT_BUNDLE_IDENTIFIER = nl.tripeep.TriPeep;
				PRODUCT_NAME = "$(TARGET_NAME)";
				SWIFT_VERSION = 3.0;
			};
			name = Debug;
		};
		DA6A75711DCA392F00DE25EB /* Release */ = {
			isa = XCBuildConfiguration;
			buildSettings = {
				ASSETCATALOG_COMPILER_APPICON_NAME = AppIcon;
				INFOPLIST_FILE = TriPeep/Info.plist;
				LD_RUNPATH_SEARCH_PATHS = "$(inherited) @executable_path/Frameworks";
				PRODUCT_BUNDLE_IDENTIFIER = nl.tripeep.TriPeep;
				PRODUCT_NAME = "$(TARGET_NAME)";
				SWIFT_VERSION = 3.0;
			};
			name = Release;
		};
/* End XCBuildConfiguration section */

/* Begin XCConfigurationList section */
		DA6A75581DCA392F00DE25EB /* Build configuration list for PBXProject "TriPeep" */ = {
			isa = XCConfigurationList;
			buildConfigurations = (
				DA6A756D1DCA392F00DE25EB /* Debug */,
				DA6A756E1DCA392F00DE25EB /* Release */,
			);
			defaultConfigurationIsVisible = 0;
			defaultConfigurationName = Release;
		};
		DA6A756F1DCA392F00DE25EB /* Build configuration list for PBXNativeTarget "TriPeep" */ = {
			isa = XCConfigurationList;
			buildConfigurations = (
				DA6A75701DCA392F00DE25EB /* Debug */,
				DA6A75711DCA392F00DE25EB /* Release */,
			);
			defaultConfigurationIsVisible = 0;
		};
/* End XCConfigurationList section */
	};
	rootObject = DA6A75551DCA392F00DE25EB /* Project object */;
}
